
Microsoft Visual Studio Solution File, Format Version 12.00
# Visual Studio Version 17
VisualStudioVersion = 17.6.33829.357
MinimumVisualStudioVersion = 10.0.40219.1
Project("{2150E333-8FDC-42A3-9474-1A3956D46DE8}") = "Documentation", "Documentation", "{5E60224E-A4A6-47B6-A293-F24A5EFE403F}"
	ProjectSection(SolutionItems) = preProject
		Menus.md = Menus.md
		AI-Models.md = AI-Models.md
		Modules.md = Modules.md
		Terms.md = Terms.md
		ToDo.md = ToDo.md
	EndProjectSection
EndProject
Project("{9A19103F-16F7-4668-BE54-9A1E7A4F7556}") = "Si.Game", "Si.Game\Si.Game.csproj", "{2DE0D5CC-1E88-4ED7-8583-B9BE69EB2E08}"
EndProject
Project("{2150E333-8FDC-42A3-9474-1A3956D46DE8}") = "Server", "Server", "{C00A988A-2DBB-4EB7-8B9F-265DE8303609}"
EndProject
Project("{2150E333-8FDC-42A3-9474-1A3956D46DE8}") = "Shared", "Shared", "{A6424186-E893-44C9-8FC6-805944EB1D84}"
EndProject
Project("{2150E333-8FDC-42A3-9474-1A3956D46DE8}") = "Client", "Client", "{4A7654F0-90D8-42CC-A11F-1D60C043E131}"
EndProject
Project("{9A19103F-16F7-4668-BE54-9A1E7A4F7556}") = "Si.GameEngine", "Si.GameEngine\Si.GameEngine.csproj", "{C4EF90F1-BB9E-46B0-9ED7-4F87D7781BB5}"
EndProject
Project("{9A19103F-16F7-4668-BE54-9A1E7A4F7556}") = "Si.IndependentLobbyHost", "Si.IndependentLobbyHost\Si.IndependentLobbyHost.csproj", "{422BA065-0516-494C-9F20-D531E21B7758}"
EndProject
Project("{9A19103F-16F7-4668-BE54-9A1E7A4F7556}") = "Si.IndependentLobbyHostWithAI", "Si.IndependentLobbyHostWithAI\Si.IndependentLobbyHostWithAI.csproj", "{9486687B-AD36-4EB5-B564-F6CB042E43C0}"
EndProject
Project("{9A19103F-16F7-4668-BE54-9A1E7A4F7556}") = "Si.MultiplayClient", "Si.MultiplayClient\Si.MultiplayClient.csproj", "{0DED106A-AE25-4E77-BA56-95286C68FDBF}"
EndProject
Project("{9A19103F-16F7-4668-BE54-9A1E7A4F7556}") = "Si.Library", "Si.Library\Si.Library.csproj", "{990E2120-BC2B-4C6D-A1B0-663A7D88A2EC}"
EndProject
Project("{9A19103F-16F7-4668-BE54-9A1E7A4F7556}") = "Si.Server", "Si.Server\Si.Server.csproj", "{C37989E4-BB72-448A-8327-CCFE67510932}"
EndProject
Project("{2150E333-8FDC-42A3-9474-1A3956D46DE8}") = "Installer", "Installer", "{AB4BD3BA-2122-4876-8FD5-3AF65A233D1A}"
	ProjectSection(SolutionItems) = preProject
		Installer\Setup.Iss = Installer\Setup.Iss
	EndProjectSection
EndProject
Project("{9A19103F-16F7-4668-BE54-9A1E7A4F7556}") = "Si.Message", "Si.Message\Si.Message.csproj", "{BD4DB046-3BBC-4993-8327-28211793EB49}"
EndProject
Project("{9A19103F-16F7-4668-BE54-9A1E7A4F7556}") = "Si.Rendering", "Si.Rendering\Si.Rendering.csproj", "{2A08F5C6-8A24-4F37-A90E-83C0DA604C7A}"
EndProject
Project("{9A19103F-16F7-4668-BE54-9A1E7A4F7556}") = "Si.Audio", "Si.Audio\Si.Audio.csproj", "{310CBE99-7666-4A1F-BCE4-96C9EE4E0C71}"
EndProject
Project("{2150E333-8FDC-42A3-9474-1A3956D46DE8}") = "DirectX", "DirectX", "{E1544675-32D3-4A56-8D92-1F6264A8F147}"
EndProject
Project("{2150E333-8FDC-42A3-9474-1A3956D46DE8}") = "Multiplayer", "Multiplayer", "{44F7498A-FDB1-4832-B9E4-C26975996566}"
EndProject
Global
	GlobalSection(SolutionConfigurationPlatforms) = preSolution
		Debug|Any CPU = Debug|Any CPU
		Release|Any CPU = Release|Any CPU
	EndGlobalSection
	GlobalSection(ProjectConfigurationPlatforms) = postSolution
		{2DE0D5CC-1E88-4ED7-8583-B9BE69EB2E08}.Debug|Any CPU.ActiveCfg = Debug|Any CPU
		{2DE0D5CC-1E88-4ED7-8583-B9BE69EB2E08}.Debug|Any CPU.Build.0 = Debug|Any CPU
		{2DE0D5CC-1E88-4ED7-8583-B9BE69EB2E08}.Release|Any CPU.ActiveCfg = Release|Any CPU
		{2DE0D5CC-1E88-4ED7-8583-B9BE69EB2E08}.Release|Any CPU.Build.0 = Release|Any CPU
		{C4EF90F1-BB9E-46B0-9ED7-4F87D7781BB5}.Debug|Any CPU.ActiveCfg = Debug|Any CPU
		{C4EF90F1-BB9E-46B0-9ED7-4F87D7781BB5}.Debug|Any CPU.Build.0 = Debug|Any CPU
		{C4EF90F1-BB9E-46B0-9ED7-4F87D7781BB5}.Release|Any CPU.ActiveCfg = Release|Any CPU
		{C4EF90F1-BB9E-46B0-9ED7-4F87D7781BB5}.Release|Any CPU.Build.0 = Release|Any CPU
		{422BA065-0516-494C-9F20-D531E21B7758}.Debug|Any CPU.ActiveCfg = Debug|Any CPU
		{422BA065-0516-494C-9F20-D531E21B7758}.Debug|Any CPU.Build.0 = Debug|Any CPU
		{422BA065-0516-494C-9F20-D531E21B7758}.Release|Any CPU.ActiveCfg = Release|Any CPU
		{422BA065-0516-494C-9F20-D531E21B7758}.Release|Any CPU.Build.0 = Release|Any CPU
		{9486687B-AD36-4EB5-B564-F6CB042E43C0}.Debug|Any CPU.ActiveCfg = Debug|Any CPU
		{9486687B-AD36-4EB5-B564-F6CB042E43C0}.Debug|Any CPU.Build.0 = Debug|Any CPU
		{9486687B-AD36-4EB5-B564-F6CB042E43C0}.Release|Any CPU.ActiveCfg = Release|Any CPU
		{9486687B-AD36-4EB5-B564-F6CB042E43C0}.Release|Any CPU.Build.0 = Release|Any CPU
		{0DED106A-AE25-4E77-BA56-95286C68FDBF}.Debug|Any CPU.ActiveCfg = Debug|Any CPU
		{0DED106A-AE25-4E77-BA56-95286C68FDBF}.Debug|Any CPU.Build.0 = Debug|Any CPU
		{0DED106A-AE25-4E77-BA56-95286C68FDBF}.Release|Any CPU.ActiveCfg = Release|Any CPU
		{0DED106A-AE25-4E77-BA56-95286C68FDBF}.Release|Any CPU.Build.0 = Release|Any CPU
		{990E2120-BC2B-4C6D-A1B0-663A7D88A2EC}.Debug|Any CPU.ActiveCfg = Debug|Any CPU
		{990E2120-BC2B-4C6D-A1B0-663A7D88A2EC}.Debug|Any CPU.Build.0 = Debug|Any CPU
		{990E2120-BC2B-4C6D-A1B0-663A7D88A2EC}.Release|Any CPU.ActiveCfg = Release|Any CPU
		{990E2120-BC2B-4C6D-A1B0-663A7D88A2EC}.Release|Any CPU.Build.0 = Release|Any CPU
		{C37989E4-BB72-448A-8327-CCFE67510932}.Debug|Any CPU.ActiveCfg = Debug|Any CPU
		{C37989E4-BB72-448A-8327-CCFE67510932}.Debug|Any CPU.Build.0 = Debug|Any CPU
		{C37989E4-BB72-448A-8327-CCFE67510932}.Release|Any CPU.ActiveCfg = Release|Any CPU
		{C37989E4-BB72-448A-8327-CCFE67510932}.Release|Any CPU.Build.0 = Release|Any CPU
		{BD4DB046-3BBC-4993-8327-28211793EB49}.Debug|Any CPU.ActiveCfg = Debug|Any CPU
		{BD4DB046-3BBC-4993-8327-28211793EB49}.Debug|Any CPU.Build.0 = Debug|Any CPU
		{BD4DB046-3BBC-4993-8327-28211793EB49}.Release|Any CPU.ActiveCfg = Release|Any CPU
		{BD4DB046-3BBC-4993-8327-28211793EB49}.Release|Any CPU.Build.0 = Release|Any CPU
		{2A08F5C6-8A24-4F37-A90E-83C0DA604C7A}.Debug|Any CPU.ActiveCfg = Debug|Any CPU
		{2A08F5C6-8A24-4F37-A90E-83C0DA604C7A}.Debug|Any CPU.Build.0 = Debug|Any CPU
		{2A08F5C6-8A24-4F37-A90E-83C0DA604C7A}.Release|Any CPU.ActiveCfg = Release|Any CPU
		{2A08F5C6-8A24-4F37-A90E-83C0DA604C7A}.Release|Any CPU.Build.0 = Release|Any CPU
		{310CBE99-7666-4A1F-BCE4-96C9EE4E0C71}.Debug|Any CPU.ActiveCfg = Debug|Any CPU
		{310CBE99-7666-4A1F-BCE4-96C9EE4E0C71}.Debug|Any CPU.Build.0 = Debug|Any CPU
		{310CBE99-7666-4A1F-BCE4-96C9EE4E0C71}.Release|Any CPU.ActiveCfg = Release|Any CPU
		{310CBE99-7666-4A1F-BCE4-96C9EE4E0C71}.Release|Any CPU.Build.0 = Release|Any CPU
	EndGlobalSection
	GlobalSection(SolutionProperties) = preSolution
		HideSolutionNode = FALSE
	EndGlobalSection
	GlobalSection(NestedProjects) = preSolution
		{2DE0D5CC-1E88-4ED7-8583-B9BE69EB2E08} = {4A7654F0-90D8-42CC-A11F-1D60C043E131}
		{C4EF90F1-BB9E-46B0-9ED7-4F87D7781BB5} = {A6424186-E893-44C9-8FC6-805944EB1D84}
		{422BA065-0516-494C-9F20-D531E21B7758} = {C00A988A-2DBB-4EB7-8B9F-265DE8303609}
		{9486687B-AD36-4EB5-B564-F6CB042E43C0} = {C00A988A-2DBB-4EB7-8B9F-265DE8303609}
		{0DED106A-AE25-4E77-BA56-95286C68FDBF} = {44F7498A-FDB1-4832-B9E4-C26975996566}
		{990E2120-BC2B-4C6D-A1B0-663A7D88A2EC} = {A6424186-E893-44C9-8FC6-805944EB1D84}
		{C37989E4-BB72-448A-8327-CCFE67510932} = {C00A988A-2DBB-4EB7-8B9F-265DE8303609}
		{BD4DB046-3BBC-4993-8327-28211793EB49} = {44F7498A-FDB1-4832-B9E4-C26975996566}
		{2A08F5C6-8A24-4F37-A90E-83C0DA604C7A} = {E1544675-32D3-4A56-8D92-1F6264A8F147}
		{310CBE99-7666-4A1F-BCE4-96C9EE4E0C71} = {E1544675-32D3-4A56-8D92-1F6264A8F147}
		{E1544675-32D3-4A56-8D92-1F6264A8F147} = {A6424186-E893-44C9-8FC6-805944EB1D84}
		{44F7498A-FDB1-4832-B9E4-C26975996566} = {A6424186-E893-44C9-8FC6-805944EB1D84}
	EndGlobalSection
	GlobalSection(ExtensibilityGlobals) = postSolution
		SolutionGuid = {99D468A4-85E5-41AA-912F-A2435A154952}
	EndGlobalSection
EndGlobal
